// !$*UTF8*$!
{
	archiveVersion = 1;
	classes = {
	};
	objectVersion = 56;
	objects = {

/* Begin PBXBuildFile section */
		ADF88ADA2B9C4A2A00919CDE /* main.swift in Sources */ = {isa = PBXBuildFile; fileRef = ADF88AD92B9C4A2A00919CDE /* main.swift */; };
/* End PBXBuildFile section */

/* Begin PBXCopyFilesBuildPhase section */
		AD468A282B060C1900CACCD5 /* CopyFiles */ = {
			isa = PBXCopyFilesBuildPhase;
			buildActionMask = 2147483647;
			dstPath = /usr/share/man/man1/;
			dstSubfolderSpec = 0;
			files = (
			);
			runOnlyForDeploymentPostprocessing = 1;
		};
/* End PBXCopyFilesBuildPhase section */

/* Begin PBXFileReference section */
		AD1D23E72B1CB86900345A2D /* 11047_동전.swift */ = {isa = PBXFileReference; lastKnownFileType = sourcecode.swift; path = "11047_동전.swift"; sourceTree = "<group>"; };
		AD31FA1A2B4FC09D007C0C96 /* 10807_개수 세기.swift */ = {isa = PBXFileReference; lastKnownFileType = sourcecode.swift; path = "10807_개수 세기.swift"; sourceTree = "<group>"; };
		AD31FA1C2B4FC0F0007C0C96 /* 28278_스택.swift */ = {isa = PBXFileReference; lastKnownFileType = sourcecode.swift; path = "28278_스택.swift"; sourceTree = "<group>"; };
		AD31FA1E2B4FC152007C0C96 /* 27433_피보나치.swift */ = {isa = PBXFileReference; lastKnownFileType = sourcecode.swift; path = "27433_피보나치.swift"; sourceTree = "<group>"; };
		AD31FA202B4FC17F007C0C96 /* 12865_배낭_dp.swift */ = {isa = PBXFileReference; lastKnownFileType = sourcecode.swift; path = "12865_배낭_dp.swift"; sourceTree = "<group>"; };
		AD31FA222B4FC1D4007C0C96 /* 10989_수정렬.swift */ = {isa = PBXFileReference; lastKnownFileType = sourcecode.swift; path = "10989_수정렬.swift"; sourceTree = "<group>"; };
		AD31FA242B4FC20B007C0C96 /* 10816_숫자카드.swift */ = {isa = PBXFileReference; lastKnownFileType = sourcecode.swift; path = "10816_숫자카드.swift"; sourceTree = "<group>"; };
		AD31FA262B4FC240007C0C96 /* 1181_단어 정렬.swift */ = {isa = PBXFileReference; lastKnownFileType = sourcecode.swift; path = "1181_단어 정렬.swift"; sourceTree = "<group>"; };
		AD31FA292B4FC320007C0C96 /* 1157_단어공부.swift */ = {isa = PBXFileReference; lastKnownFileType = sourcecode.swift; path = "1157_단어공부.swift"; sourceTree = "<group>"; };
		AD31FA2B2B4FC34D007C0C96 /* 1152_단어개수.swift */ = {isa = PBXFileReference; lastKnownFileType = sourcecode.swift; path = "1152_단어개수.swift"; sourceTree = "<group>"; };
		AD31FA2D2B513029007C0C96 /* 2292_벌집.swift */ = {isa = PBXFileReference; lastKnownFileType = sourcecode.swift; path = "2292_벌집.swift"; sourceTree = "<group>"; };
		AD31FA2F2B53BD9D007C0C96 /* 2164_큐.swift */ = {isa = PBXFileReference; lastKnownFileType = sourcecode.swift; path = "2164_큐.swift"; sourceTree = "<group>"; };
		AD31FA312B555C24007C0C96 /* 15989_dp_더하기.swift */ = {isa = PBXFileReference; lastKnownFileType = sourcecode.swift; path = "15989_dp_더하기.swift"; sourceTree = "<group>"; };
		AD31FA332B5665FE007C0C96 /* 2631_LIS_줄세우기.swift */ = {isa = PBXFileReference; lastKnownFileType = sourcecode.swift; path = "2631_LIS_줄세우기.swift"; sourceTree = "<group>"; };
		AD468A2A2B060C1900CACCD5 /* AlgorithmTest */ = {isa = PBXFileReference; explicitFileType = "compiled.mach-o.executable"; includeInIndex = 0; path = AlgorithmTest; sourceTree = BUILT_PRODUCTS_DIR; };
		AD5F2B312B3ECB7C00803118 /* 1260_dfs_bfs.swift */ = {isa = PBXFileReference; lastKnownFileType = sourcecode.swift; path = 1260_dfs_bfs.swift; sourceTree = "<group>"; };
		AD87DFCE2B6A30B1006EC8D5 /* 2606_바이러스_dfs.swift */ = {isa = PBXFileReference; lastKnownFileType = sourcecode.swift; path = "2606_바이러스_dfs.swift"; sourceTree = "<group>"; };
		AD87DFD02B6B8FE4006EC8D5 /* 2667_단지번호붙이기_dfs.swift */ = {isa = PBXFileReference; lastKnownFileType = sourcecode.swift; path = "2667_단지번호붙이기_dfs.swift"; sourceTree = "<group>"; };
		AD87DFD22B6CE0B6006EC8D5 /* 2579_계단 오르기_dp.swift */ = {isa = PBXFileReference; lastKnownFileType = sourcecode.swift; path = "2579_계단 오르기_dp.swift"; sourceTree = "<group>"; };
		AD8E1B482B5AA52900BD280D /* 2178_미로 탐색_BFS.swift */ = {isa = PBXFileReference; lastKnownFileType = sourcecode.swift; path = "2178_미로 탐색_BFS.swift"; sourceTree = "<group>"; };
		ADBF331E2B6E155500807E62 /* 2644_촌수계산_dfs.swift */ = {isa = PBXFileReference; lastKnownFileType = sourcecode.swift; path = "2644_촌수계산_dfs.swift"; sourceTree = "<group>"; };
		ADC168332B4AED2F0015AC96 /* 10818_최대최소.swift */ = {isa = PBXFileReference; lastKnownFileType = sourcecode.swift; path = "10818_최대최소.swift"; sourceTree = "<group>"; };
		ADE8A7432B726480002B950B /* 1655_가운데 말하기_최대최소Heap.swift */ = {isa = PBXFileReference; lastKnownFileType = sourcecode.swift; path = "1655_가운데 말하기_최대최소Heap.swift"; sourceTree = "<group>"; };
		ADE8A77E2B7C840C002B950B /* 2869_달팽이.swift */ = {isa = PBXFileReference; lastKnownFileType = sourcecode.swift; path = "2869_달팽이.swift"; sourceTree = "<group>"; };
		ADF88AD92B9C4A2A00919CDE /* main.swift */ = {isa = PBXFileReference; lastKnownFileType = sourcecode.swift; path = main.swift; sourceTree = "<group>"; };
/* End PBXFileReference section */

/* Begin PBXFrameworksBuildPhase section */
		AD468A272B060C1900CACCD5 /* Frameworks */ = {
			isa = PBXFrameworksBuildPhase;
			buildActionMask = 2147483647;
			files = (
			);
			runOnlyForDeploymentPostprocessing = 0;
		};
/* End PBXFrameworksBuildPhase section */

/* Begin PBXGroup section */
		AD468A212B060C1900CACCD5 = {
			isa = PBXGroup;
			children = (
				AD468A2C2B060C1900CACCD5 /* AlgorithmTest */,
				AD468A2B2B060C1900CACCD5 /* Products */,
			);
			sourceTree = "<group>";
		};
		AD468A2B2B060C1900CACCD5 /* Products */ = {
			isa = PBXGroup;
			children = (
				AD468A2A2B060C1900CACCD5 /* AlgorithmTest */,
			);
			name = Products;
			sourceTree = "<group>";
		};
		AD468A2C2B060C1900CACCD5 /* AlgorithmTest */ = {
			isa = PBXGroup;
			children = (
				AD1D23E72B1CB86900345A2D /* 11047_동전.swift */,
				AD5F2B312B3ECB7C00803118 /* 1260_dfs_bfs.swift */,
				ADC168332B4AED2F0015AC96 /* 10818_최대최소.swift */,
				AD31FA1A2B4FC09D007C0C96 /* 10807_개수 세기.swift */,
				AD31FA1C2B4FC0F0007C0C96 /* 28278_스택.swift */,
				AD31FA1E2B4FC152007C0C96 /* 27433_피보나치.swift */,
				AD31FA202B4FC17F007C0C96 /* 12865_배낭_dp.swift */,
				AD31FA222B4FC1D4007C0C96 /* 10989_수정렬.swift */,
				AD31FA242B4FC20B007C0C96 /* 10816_숫자카드.swift */,
				AD31FA262B4FC240007C0C96 /* 1181_단어 정렬.swift */,
				AD31FA292B4FC320007C0C96 /* 1157_단어공부.swift */,
				AD31FA2B2B4FC34D007C0C96 /* 1152_단어개수.swift */,
				AD31FA2D2B513029007C0C96 /* 2292_벌집.swift */,
				AD31FA2F2B53BD9D007C0C96 /* 2164_큐.swift */,
				AD31FA312B555C24007C0C96 /* 15989_dp_더하기.swift */,
				AD31FA332B5665FE007C0C96 /* 2631_LIS_줄세우기.swift */,
				AD8E1B482B5AA52900BD280D /* 2178_미로 탐색_BFS.swift */,
				AD87DFCE2B6A30B1006EC8D5 /* 2606_바이러스_dfs.swift */,
				AD87DFD02B6B8FE4006EC8D5 /* 2667_단지번호붙이기_dfs.swift */,
				AD87DFD22B6CE0B6006EC8D5 /* 2579_계단 오르기_dp.swift */,
				ADBF331E2B6E155500807E62 /* 2644_촌수계산_dfs.swift */,
				ADE8A7432B726480002B950B /* 1655_가운데 말하기_최대최소Heap.swift */,
				ADE8A77E2B7C840C002B950B /* 2869_달팽이.swift */,
				ADF88AD92B9C4A2A00919CDE /* main.swift */,
			);
			path = AlgorithmTest;
			sourceTree = "<group>";
		};
/* End PBXGroup section */

/* Begin PBXNativeTarget section */
		AD468A292B060C1900CACCD5 /* AlgorithmTest */ = {
			isa = PBXNativeTarget;
			buildConfigurationList = AD468A312B060C1900CACCD5 /* Build configuration list for PBXNativeTarget "AlgorithmTest" */;
			buildPhases = (
				AD468A262B060C1900CACCD5 /* Sources */,
				AD468A272B060C1900CACCD5 /* Frameworks */,
				AD468A282B060C1900CACCD5 /* CopyFiles */,
			);
			buildRules = (
			);
			dependencies = (
			);
			name = AlgorithmTest;
			productName = AlgorithmTest;
			productReference = AD468A2A2B060C1900CACCD5 /* AlgorithmTest */;
			productType = "com.apple.product-type.tool";
		};
/* End PBXNativeTarget section */

/* Begin PBXProject section */
		AD468A222B060C1900CACCD5 /* Project object */ = {
			isa = PBXProject;
			attributes = {
				BuildIndependentTargetsInParallel = 1;
				LastSwiftUpdateCheck = 1500;
				LastUpgradeCheck = 1500;
				TargetAttributes = {
					AD468A292B060C1900CACCD5 = {
						CreatedOnToolsVersion = 15.0.1;
						LastSwiftMigration = 1500;
					};
				};
			};
			buildConfigurationList = AD468A252B060C1900CACCD5 /* Build configuration list for PBXProject "AlgorithmTest" */;
			compatibilityVersion = "Xcode 14.0";
			developmentRegion = en;
			hasScannedForEncodings = 0;
			knownRegions = (
				en,
				Base,
			);
			mainGroup = AD468A212B060C1900CACCD5;
			productRefGroup = AD468A2B2B060C1900CACCD5 /* Products */;
			projectDirPath = "";
			projectRoot = "";
			targets = (
				AD468A292B060C1900CACCD5 /* AlgorithmTest */,
			);
		};
/* End PBXProject section */

/* Begin PBXSourcesBuildPhase section */
		AD468A262B060C1900CACCD5 /* Sources */ = {
			isa = PBXSourcesBuildPhase;
			buildActionMask = 2147483647;
			files = (
				ADF88ADA2B9C4A2A00919CDE /* main.swift in Sources */,
			);
			runOnlyForDeploymentPostprocessing = 0;
		};
/* End PBXSourcesBuildPhase section */

/* Begin XCBuildConfiguration section */
		AD468A2F2B060C1900CACCD5 /* Debug */ = {
			isa = XCBuildConfiguration;
			buildSettings = {
				ALWAYS_SEARCH_USER_PATHS = NO;
				ASSETCATALOG_COMPILER_GENERATE_SWIFT_ASSET_SYMBOL_EXTENSIONS = YES;
				CLANG_ANALYZER_NONNULL = YES;
				CLANG_ANALYZER_NUMBER_OBJECT_CONVERSION = YES_AGGRESSIVE;
				CLANG_CXX_LANGUAGE_STANDARD = "gnu++20";
				CLANG_ENABLE_MODULES = YES;
				CLANG_ENABLE_OBJC_ARC = YES;
				CLANG_ENABLE_OBJC_WEAK = YES;
				CLANG_WARN_BLOCK_CAPTURE_AUTORELEASING = YES;
				CLANG_WARN_BOOL_CONVERSION = YES;
				CLANG_WARN_COMMA = YES;
				CLANG_WARN_CONSTANT_CONVERSION = YES;
				CLANG_WARN_DEPRECATED_OBJC_IMPLEMENTATIONS = YES;
				CLANG_WARN_DIRECT_OBJC_ISA_USAGE = YES_ERROR;
				CLANG_WARN_DOCUMENTATION_COMMENTS = YES;
				CLANG_WARN_EMPTY_BODY = YES;
				CLANG_WARN_ENUM_CONVERSION = YES;
				CLANG_WARN_INFINITE_RECURSION = YES;
				CLANG_WARN_INT_CONVERSION = YES;
				CLANG_WARN_NON_LITERAL_NULL_CONVERSION = YES;
				CLANG_WARN_OBJC_IMPLICIT_RETAIN_SELF = YES;
				CLANG_WARN_OBJC_LITERAL_CONVERSION = YES;
				CLANG_WARN_OBJC_ROOT_CLASS = YES_ERROR;
				CLANG_WARN_QUOTED_INCLUDE_IN_FRAMEWORK_HEADER = YES;
				CLANG_WARN_RANGE_LOOP_ANALYSIS = YES;
				CLANG_WARN_STRICT_PROTOTYPES = YES;
				CLANG_WARN_SUSPICIOUS_MOVE = YES;
				CLANG_WARN_UNGUARDED_AVAILABILITY = YES_AGGRESSIVE;
				CLANG_WARN_UNREACHABLE_CODE = YES;
				CLANG_WARN__DUPLICATE_METHOD_MATCH = YES;
				COPY_PHASE_STRIP = NO;
				DEBUG_INFORMATION_FORMAT = dwarf;
				ENABLE_STRICT_OBJC_MSGSEND = YES;
				ENABLE_TESTABILITY = YES;
				ENABLE_USER_SCRIPT_SANDBOXING = YES;
				GCC_C_LANGUAGE_STANDARD = gnu17;
				GCC_DYNAMIC_NO_PIC = NO;
				GCC_NO_COMMON_BLOCKS = YES;
				GCC_OPTIMIZATION_LEVEL = 0;
				GCC_PREPROCESSOR_DEFINITIONS = (
					"DEBUG=1",
					"$(inherited)",
				);
				GCC_WARN_64_TO_32_BIT_CONVERSION = YES;
				GCC_WARN_ABOUT_RETURN_TYPE = YES_ERROR;
				GCC_WARN_UNDECLARED_SELECTOR = YES;
				GCC_WARN_UNINITIALIZED_AUTOS = YES_AGGRESSIVE;
				GCC_WARN_UNUSED_FUNCTION = YES;
				GCC_WARN_UNUSED_VARIABLE = YES;
				LOCALIZATION_PREFERS_STRING_CATALOGS = YES;
				MACOSX_DEPLOYMENT_TARGET = 14.0;
				MTL_ENABLE_DEBUG_INFO = INCLUDE_SOURCE;
				MTL_FAST_MATH = YES;
				ONLY_ACTIVE_ARCH = YES;
				SDKROOT = macosx;
				SWIFT_ACTIVE_COMPILATION_CONDITIONS = "DEBUG $(inherited)";
				SWIFT_OPTIMIZATION_LEVEL = "-Onone";
			};
			name = Debug;
		};
		AD468A302B060C1900CACCD5 /* Release */ = {
			isa = XCBuildConfiguration;
			buildSettings = {
				ALWAYS_SEARCH_USER_PATHS = NO;
				ASSETCATALOG_COMPILER_GENERATE_SWIFT_ASSET_SYMBOL_EXTENSIONS = YES;
				CLANG_ANALYZER_NONNULL = YES;
				CLANG_ANALYZER_NUMBER_OBJECT_CONVERSION = YES_AGGRESSIVE;
				CLANG_CXX_LANGUAGE_STANDARD = "gnu++20";
				CLANG_ENABLE_MODULES = YES;
				CLANG_ENABLE_OBJC_ARC = YES;
				CLANG_ENABLE_OBJC_WEAK = YES;
				CLANG_WARN_BLOCK_CAPTURE_AUTORELEASING = YES;
				CLANG_WARN_BOOL_CONVERSION = YES;
				CLANG_WARN_COMMA = YES;
				CLANG_WARN_CONSTANT_CONVERSION = YES;
				CLANG_WARN_DEPRECATED_OBJC_IMPLEMENTATIONS = YES;
				CLANG_WARN_DIRECT_OBJC_ISA_USAGE = YES_ERROR;
				CLANG_WARN_DOCUMENTATION_COMMENTS = YES;
				CLANG_WARN_EMPTY_BODY = YES;
				CLANG_WARN_ENUM_CONVERSION = YES;
				CLANG_WARN_INFINITE_RECURSION = YES;
				CLANG_WARN_INT_CONVERSION = YES;
				CLANG_WARN_NON_LITERAL_NULL_CONVERSION = YES;
				CLANG_WARN_OBJC_IMPLICIT_RETAIN_SELF = YES;
				CLANG_WARN_OBJC_LITERAL_CONVERSION = YES;
				CLANG_WARN_OBJC_ROOT_CLASS = YES_ERROR;
				CLANG_WARN_QUOTED_INCLUDE_IN_FRAMEWORK_HEADER = YES;
				CLANG_WARN_RANGE_LOOP_ANALYSIS = YES;
				CLANG_WARN_STRICT_PROTOTYPES = YES;
				CLANG_WARN_SUSPICIOUS_MOVE = YES;
				CLANG_WARN_UNGUARDED_AVAILABILITY = YES_AGGRESSIVE;
				CLANG_WARN_UNREACHABLE_CODE = YES;
				CLANG_WARN__DUPLICATE_METHOD_MATCH = YES;
				COPY_PHASE_STRIP = NO;
				DEBUG_INFORMATION_FORMAT = "dwarf-with-dsym";
				ENABLE_NS_ASSERTIONS = NO;
				ENABLE_STRICT_OBJC_MSGSEND = YES;
				ENABLE_USER_SCRIPT_SANDBOXING = YES;
				GCC_C_LANGUAGE_STANDARD = gnu17;
				GCC_NO_COMMON_BLOCKS = YES;
				GCC_WARN_64_TO_32_BIT_CONVERSION = YES;
				GCC_WARN_ABOUT_RETURN_TYPE = YES_ERROR;
				GCC_WARN_UNDECLARED_SELECTOR = YES;
				GCC_WARN_UNINITIALIZED_AUTOS = YES_AGGRESSIVE;
				GCC_WARN_UNUSED_FUNCTION = YES;
				GCC_WARN_UNUSED_VARIABLE = YES;
				LOCALIZATION_PREFERS_STRING_CATALOGS = YES;
				MACOSX_DEPLOYMENT_TARGET = 14.0;
				MTL_ENABLE_DEBUG_INFO = NO;
				MTL_FAST_MATH = YES;
				SDKROOT = macosx;
				SWIFT_COMPILATION_MODE = wholemodule;
			};
			name = Release;
		};
		AD468A322B060C1900CACCD5 /* Debug */ = {
			isa = XCBuildConfiguration;
			buildSettings = {
				CLANG_ENABLE_MODULES = YES;
				CODE_SIGN_STYLE = Automatic;
				PRODUCT_NAME = "$(TARGET_NAME)";
				SWIFT_OPTIMIZATION_LEVEL = "-Onone";
				SWIFT_VERSION = 5.0;
			};
			name = Debug;
		};
		AD468A332B060C1900CACCD5 /* Release */ = {
			isa = XCBuildConfiguration;
			buildSettings = {
				CLANG_ENABLE_MODULES = YES;
				CODE_SIGN_STYLE = Automatic;
				PRODUCT_NAME = "$(TARGET_NAME)";
				SWIFT_VERSION = 5.0;
			};
			name = Release;
		};
/* End XCBuildConfiguration section */

/* Begin XCConfigurationList section */
		AD468A252B060C1900CACCD5 /* Build configuration list for PBXProject "AlgorithmTest" */ = {
			isa = XCConfigurationList;
			buildConfigurations = (
				AD468A2F2B060C1900CACCD5 /* Debug */,
				AD468A302B060C1900CACCD5 /* Release */,
			);
			defaultConfigurationIsVisible = 0;
			defaultConfigurationName = Release;
		};
		AD468A312B060C1900CACCD5 /* Build configuration list for PBXNativeTarget "AlgorithmTest" */ = {
			isa = XCConfigurationList;
			buildConfigurations = (
				AD468A322B060C1900CACCD5 /* Debug */,
				AD468A332B060C1900CACCD5 /* Release */,
			);
			defaultConfigurationIsVisible = 0;
			defaultConfigurationName = Release;
		};
/* End XCConfigurationList section */
	};
	rootObject = AD468A222B060C1900CACCD5 /* Project object */;
}
